
Microsoft Visual Studio Solution File, Format Version 12.00
# Visual Studio Version 17
VisualStudioVersion = 17.5.33530.505
MinimumVisualStudioVersion = 10.0.40219.1
Project("{FAE04EC0-301F-11D3-BF4B-00C04F79EFBC}") = "Vuelos.Models", "Vuelos.Models\Vuelos.Models.csproj", "{A0CBD4BC-98E0-435A-AAED-3230BE7E914A}"
EndProject
Project("{FAE04EC0-301F-11D3-BF4B-00C04F79EFBC}") = "Vuelos.DAL", "Vuelos.DAL\Vuelos.DAL.csproj", "{043716D4-EA28-4EB9-AD1E-674D07F7DB37}"
EndProject
Project("{FAE04EC0-301F-11D3-BF4B-00C04F79EFBC}") = "Vuelos.BLL", "Vuelos.BLL\Vuelos.BLL.csproj", "{37F56D72-7FC3-4DA0-8EAF-CF488F0013A3}"
EndProject
Project("{FAE04EC0-301F-11D3-BF4B-00C04F79EFBC}") = "Vuelos.WebApi", "Vuelos.WebApi\Vuelos.WebApi.csproj", "{9C98AFBE-2A47-4863-BA98-33D202AF97BA}"
EndProject
Global
	GlobalSection(SolutionConfigurationPlatforms) = preSolution
		Debug|Any CPU = Debug|Any CPU
		Release|Any CPU = Release|Any CPU
	EndGlobalSection
	GlobalSection(ProjectConfigurationPlatforms) = postSolution
		{A0CBD4BC-98E0-435A-AAED-3230BE7E914A}.Debug|Any CPU.ActiveCfg = Debug|Any CPU
		{A0CBD4BC-98E0-435A-AAED-3230BE7E914A}.Debug|Any CPU.Build.0 = Debug|Any CPU
		{A0CBD4BC-98E0-435A-AAED-3230BE7E914A}.Release|Any CPU.ActiveCfg = Release|Any CPU
		{A0CBD4BC-98E0-435A-AAED-3230BE7E914A}.Release|Any CPU.Build.0 = Release|Any CPU
		{043716D4-EA28-4EB9-AD1E-674D07F7DB37}.Debug|Any CPU.ActiveCfg = Debug|Any CPU
		{043716D4-EA28-4EB9-AD1E-674D07F7DB37}.Debug|Any CPU.Build.0 = Debug|Any CPU
		{043716D4-EA28-4EB9-AD1E-674D07F7DB37}.Release|Any CPU.ActiveCfg = Release|Any CPU
		{043716D4-EA28-4EB9-AD1E-674D07F7DB37}.Release|Any CPU.Build.0 = Release|Any CPU
		{37F56D72-7FC3-4DA0-8EAF-CF488F0013A3}.Debug|Any CPU.ActiveCfg = Debug|Any CPU
		{37F56D72-7FC3-4DA0-8EAF-CF488F0013A3}.Debug|Any CPU.Build.0 = Debug|Any CPU
		{37F56D72-7FC3-4DA0-8EAF-CF488F0013A3}.Release|Any CPU.ActiveCfg = Release|Any CPU
		{37F56D72-7FC3-4DA0-8EAF-CF488F0013A3}.Release|Any CPU.Build.0 = Release|Any CPU
		{9C98AFBE-2A47-4863-BA98-33D202AF97BA}.Debug|Any CPU.ActiveCfg = Debug|Any CPU
		{9C98AFBE-2A47-4863-BA98-33D202AF97BA}.Debug|Any CPU.Build.0 = Debug|Any CPU
		{9C98AFBE-2A47-4863-BA98-33D202AF97BA}.Release|Any CPU.ActiveCfg = Release|Any CPU
		{9C98AFBE-2A47-4863-BA98-33D202AF97BA}.Release|Any CPU.Build.0 = Release|Any CPU
	EndGlobalSection
	GlobalSection(SolutionProperties) = preSolution
		HideSolutionNode = FALSE
	EndGlobalSection
	GlobalSection(ExtensibilityGlobals) = postSolution
		SolutionGuid = {2782D4F1-76AE-4AB8-B4C8-E68BFF6E1E4B}
	EndGlobalSection
EndGlobal
